
Microsoft Visual Studio Solution File, Format Version 12.00
# Visual Studio 14
VisualStudioVersion = 14.0.23107.0
MinimumVisualStudioVersion = 10.0.40219.1
Project("{FAE04EC0-301F-11D3-BF4B-00C04F79EFBC}") = "WhaTechChallenge", "WhaTechChallenge\WhaTechChallenge.csproj", "{1D2CB969-2C91-4BBF-B021-0B4FCA894DB1}"
EndProject
Project("{FAE04EC0-301F-11D3-BF4B-00C04F79EFBC}") = "WhaTechChallenge.Tests", "WhaTechChallenge.Tests\WhaTechChallenge.Tests.csproj", "{4BDDA056-D94E-4AD2-A958-9E06636280E8}"
EndProject
Global
	GlobalSection(SolutionConfigurationPlatforms) = preSolution
		Debug|Any CPU = Debug|Any CPU
		Release|Any CPU = Release|Any CPU
	EndGlobalSection
	GlobalSection(ProjectConfigurationPlatforms) = postSolution
		{1D2CB969-2C91-4BBF-B021-0B4FCA894DB1}.Debug|Any CPU.ActiveCfg = Debug|Any CPU
		{1D2CB969-2C91-4BBF-B021-0B4FCA894DB1}.Debug|Any CPU.Build.0 = Debug|Any CPU
		{1D2CB969-2C91-4BBF-B021-0B4FCA894DB1}.Release|Any CPU.ActiveCfg = Release|Any CPU
		{1D2CB969-2C91-4BBF-B021-0B4FCA894DB1}.Release|Any CPU.Build.0 = Release|Any CPU
		{4BDDA056-D94E-4AD2-A958-9E06636280E8}.Debug|Any CPU.ActiveCfg = Debug|Any CPU
		{4BDDA056-D94E-4AD2-A958-9E06636280E8}.Debug|Any CPU.Build.0 = Debug|Any CPU
		{4BDDA056-D94E-4AD2-A958-9E06636280E8}.Release|Any CPU.ActiveCfg = Release|Any CPU
		{4BDDA056-D94E-4AD2-A958-9E06636280E8}.Release|Any CPU.Build.0 = Release|Any CPU
	EndGlobalSection
	GlobalSection(SolutionProperties) = preSolution
		HideSolutionNode = FALSE
	EndGlobalSection
EndGlobal
